// !$*UTF8*$!
{
	archiveVersion = 1;
	classes = {
	};
	objectVersion = 55;
	objects = {

/* Begin PBXBuildFile section */
		8038ADEE28C7A9D90091C34F /* PracticeSwiftApp.swift in Sources */ = {isa = PBXBuildFile; fileRef = 8038ADED28C7A9D90091C34F /* PracticeSwiftApp.swift */; };
		8038ADF028C7A9D90091C34F /* ContentView.swift in Sources */ = {isa = PBXBuildFile; fileRef = 8038ADEF28C7A9D90091C34F /* ContentView.swift */; };
		8038ADF228C7A9DA0091C34F /* Assets.xcassets in Resources */ = {isa = PBXBuildFile; fileRef = 8038ADF128C7A9DA0091C34F /* Assets.xcassets */; };
		8038ADF528C7A9DA0091C34F /* Preview Assets.xcassets in Resources */ = {isa = PBXBuildFile; fileRef = 8038ADF428C7A9DA0091C34F /* Preview Assets.xcassets */; };
		8038ADFF28C7A9DA0091C34F /* PracticeSwiftTests.swift in Sources */ = {isa = PBXBuildFile; fileRef = 8038ADFE28C7A9DA0091C34F /* PracticeSwiftTests.swift */; };
		8038AE0928C7A9DA0091C34F /* PracticeSwiftUITests.swift in Sources */ = {isa = PBXBuildFile; fileRef = 8038AE0828C7A9DA0091C34F /* PracticeSwiftUITests.swift */; };
		8038AE0B28C7A9DA0091C34F /* PracticeSwiftUITestsLaunchTests.swift in Sources */ = {isa = PBXBuildFile; fileRef = 8038AE0A28C7A9DA0091C34F /* PracticeSwiftUITestsLaunchTests.swift */; };
		80BACFDF28C916360037C1C5 /* main.swift in Sources */ = {isa = PBXBuildFile; fileRef = 80BACFDE28C916360037C1C5 /* main.swift */; };
/* End PBXBuildFile section */

/* Begin PBXContainerItemProxy section */
		8038ADFB28C7A9DA0091C34F /* PBXContainerItemProxy */ = {
			isa = PBXContainerItemProxy;
			containerPortal = 8038ADE228C7A9D90091C34F /* Project object */;
			proxyType = 1;
			remoteGlobalIDString = 8038ADE928C7A9D90091C34F;
			remoteInfo = PracticeSwift;
		};
		8038AE0528C7A9DA0091C34F /* PBXContainerItemProxy */ = {
			isa = PBXContainerItemProxy;
			containerPortal = 8038ADE228C7A9D90091C34F /* Project object */;
			proxyType = 1;
			remoteGlobalIDString = 8038ADE928C7A9D90091C34F;
			remoteInfo = PracticeSwift;
		};
/* End PBXContainerItemProxy section */

/* Begin PBXFileReference section */
		8038ADEA28C7A9D90091C34F /* PracticeSwift.app */ = {isa = PBXFileReference; explicitFileType = wrapper.application; includeInIndex = 0; path = PracticeSwift.app; sourceTree = BUILT_PRODUCTS_DIR; };
		8038ADED28C7A9D90091C34F /* PracticeSwiftApp.swift */ = {isa = PBXFileReference; lastKnownFileType = sourcecode.swift; path = PracticeSwiftApp.swift; sourceTree = "<group>"; };
		8038ADEF28C7A9D90091C34F /* ContentView.swift */ = {isa = PBXFileReference; lastKnownFileType = sourcecode.swift; path = ContentView.swift; sourceTree = "<group>"; };
		8038ADF128C7A9DA0091C34F /* Assets.xcassets */ = {isa = PBXFileReference; lastKnownFileType = folder.assetcatalog; path = Assets.xcassets; sourceTree = "<group>"; };
		8038ADF428C7A9DA0091C34F /* Preview Assets.xcassets */ = {isa = PBXFileReference; lastKnownFileType = folder.assetcatalog; path = "Preview Assets.xcassets"; sourceTree = "<group>"; };
		8038ADFA28C7A9DA0091C34F /* PracticeSwiftTests.xctest */ = {isa = PBXFileReference; explicitFileType = wrapper.cfbundle; includeInIndex = 0; path = PracticeSwiftTests.xctest; sourceTree = BUILT_PRODUCTS_DIR; };
		8038ADFE28C7A9DA0091C34F /* PracticeSwiftTests.swift */ = {isa = PBXFileReference; lastKnownFileType = sourcecode.swift; path = PracticeSwiftTests.swift; sourceTree = "<group>"; };
		8038AE0428C7A9DA0091C34F /* PracticeSwiftUITests.xctest */ = {isa = PBXFileReference; explicitFileType = wrapper.cfbundle; includeInIndex = 0; path = PracticeSwiftUITests.xctest; sourceTree = BUILT_PRODUCTS_DIR; };
		8038AE0828C7A9DA0091C34F /* PracticeSwiftUITests.swift */ = {isa = PBXFileReference; lastKnownFileType = sourcecode.swift; path = PracticeSwiftUITests.swift; sourceTree = "<group>"; };
		8038AE0A28C7A9DA0091C34F /* PracticeSwiftUITestsLaunchTests.swift */ = {isa = PBXFileReference; lastKnownFileType = sourcecode.swift; path = PracticeSwiftUITestsLaunchTests.swift; sourceTree = "<group>"; };
		80BACFDE28C916360037C1C5 /* main.swift */ = {isa = PBXFileReference; lastKnownFileType = sourcecode.swift; path = main.swift; sourceTree = "<group>"; };
/* End PBXFileReference section */

/* Begin PBXFrameworksBuildPhase section */
		8038ADE728C7A9D90091C34F /* Frameworks */ = {
			isa = PBXFrameworksBuildPhase;
			buildActionMask = 2147483647;
			files = (
			);
			runOnlyForDeploymentPostprocessing = 0;
		};
		8038ADF728C7A9DA0091C34F /* Frameworks */ = {
			isa = PBXFrameworksBuildPhase;
			buildActionMask = 2147483647;
			files = (
			);
			runOnlyForDeploymentPostprocessing = 0;
		};
		8038AE0128C7A9DA0091C34F /* Frameworks */ = {
			isa = PBXFrameworksBuildPhase;
			buildActionMask = 2147483647;
			files = (
			);
			runOnlyForDeploymentPostprocessing = 0;
		};
/* End PBXFrameworksBuildPhase section */

/* Begin PBXGroup section */
		8038ADE128C7A9D90091C34F = {
			isa = PBXGroup;
			children = (
				8038ADEC28C7A9D90091C34F /* PracticeSwift */,
				8038ADFD28C7A9DA0091C34F /* PracticeSwiftTests */,
				8038AE0728C7A9DA0091C34F /* PracticeSwiftUITests */,
				8038ADEB28C7A9D90091C34F /* Products */,
			);
			sourceTree = "<group>";
		};
		8038ADEB28C7A9D90091C34F /* Products */ = {
			isa = PBXGroup;
			children = (
				8038ADEA28C7A9D90091C34F /* PracticeSwift.app */,
				8038ADFA28C7A9DA0091C34F /* PracticeSwiftTests.xctest */,
				8038AE0428C7A9DA0091C34F /* PracticeSwiftUITests.xctest */,
			);
			name = Products;
			sourceTree = "<group>";
		};
		8038ADEC28C7A9D90091C34F /* PracticeSwift */ = {
			isa = PBXGroup;
			children = (
				8038ADED28C7A9D90091C34F /* PracticeSwiftApp.swift */,
				8038ADEF28C7A9D90091C34F /* ContentView.swift */,
				80BACFDE28C916360037C1C5 /* main.swift */,
				8038ADF128C7A9DA0091C34F /* Assets.xcassets */,
				8038ADF328C7A9DA0091C34F /* Preview Content */,
			);
			path = PracticeSwift;
			sourceTree = "<group>";
		};
		8038ADF328C7A9DA0091C34F /* Preview Content */ = {
			isa = PBXGroup;
			children = (
				8038ADF428C7A9DA0091C34F /* Preview Assets.xcassets */,
			);
			path = "Preview Content";
			sourceTree = "<group>";
		};
		8038ADFD28C7A9DA0091C34F /* PracticeSwiftTests */ = {
			isa = PBXGroup;
			children = (
				8038ADFE28C7A9DA0091C34F /* PracticeSwiftTests.swift */,
			);
			path = PracticeSwiftTests;
			sourceTree = "<group>";
		};
		8038AE0728C7A9DA0091C34F /* PracticeSwiftUITests */ = {
			isa = PBXGroup;
			children = (
				8038AE0828C7A9DA0091C34F /* PracticeSwiftUITests.swift */,
				8038AE0A28C7A9DA0091C34F /* PracticeSwiftUITestsLaunchTests.swift */,
			);
			path = PracticeSwiftUITests;
			sourceTree = "<group>";
		};
/* End PBXGroup section */

/* Begin PBXNativeTarget section */
		8038ADE928C7A9D90091C34F /* PracticeSwift */ = {
			isa = PBXNativeTarget;
			buildConfigurationList = 8038AE0E28C7A9DA0091C34F /* Build configuration list for PBXNativeTarget "PracticeSwift" */;
			buildPhases = (
				8038ADE628C7A9D90091C34F /* Sources */,
				8038ADE728C7A9D90091C34F /* Frameworks */,
				8038ADE828C7A9D90091C34F /* Resources */,
			);
			buildRules = (
			);
			dependencies = (
			);
			name = PracticeSwift;
			productName = PracticeSwift;
			productReference = 8038ADEA28C7A9D90091C34F /* PracticeSwift.app */;
			productType = "com.apple.product-type.application";
		};
		8038ADF928C7A9DA0091C34F /* PracticeSwiftTests */ = {
			isa = PBXNativeTarget;
			buildConfigurationList = 8038AE1128C7A9DA0091C34F /* Build configuration list for PBXNativeTarget "PracticeSwiftTests" */;
			buildPhases = (
				8038ADF628C7A9DA0091C34F /* Sources */,
				8038ADF728C7A9DA0091C34F /* Frameworks */,
				8038ADF828C7A9DA0091C34F /* Resources */,
			);
			buildRules = (
			);
			dependencies = (
				8038ADFC28C7A9DA0091C34F /* PBXTargetDependency */,
			);
			name = PracticeSwiftTests;
			productName = PracticeSwiftTests;
			productReference = 8038ADFA28C7A9DA0091C34F /* PracticeSwiftTests.xctest */;
			productType = "com.apple.product-type.bundle.unit-test";
		};
		8038AE0328C7A9DA0091C34F /* PracticeSwiftUITests */ = {
			isa = PBXNativeTarget;
			buildConfigurationList = 8038AE1428C7A9DA0091C34F /* Build configuration list for PBXNativeTarget "PracticeSwiftUITests" */;
			buildPhases = (
				8038AE0028C7A9DA0091C34F /* Sources */,
				8038AE0128C7A9DA0091C34F /* Frameworks */,
				8038AE0228C7A9DA0091C34F /* Resources */,
			);
			buildRules = (
			);
			dependencies = (
				8038AE0628C7A9DA0091C34F /* PBXTargetDependency */,
			);
			name = PracticeSwiftUITests;
			productName = PracticeSwiftUITests;
			productReference = 8038AE0428C7A9DA0091C34F /* PracticeSwiftUITests.xctest */;
			productType = "com.apple.product-type.bundle.ui-testing";
		};
/* End PBXNativeTarget section */

/* Begin PBXProject section */
		8038ADE228C7A9D90091C34F /* Project object */ = {
			isa = PBXProject;
			attributes = {
				BuildIndependentTargetsInParallel = 1;
				LastSwiftUpdateCheck = 1340;
				LastUpgradeCheck = 1340;
				TargetAttributes = {
					8038ADE928C7A9D90091C34F = {
						CreatedOnToolsVersion = 13.4.1;
					};
					8038ADF928C7A9DA0091C34F = {
						CreatedOnToolsVersion = 13.4.1;
						TestTargetID = 8038ADE928C7A9D90091C34F;
					};
					8038AE0328C7A9DA0091C34F = {
						CreatedOnToolsVersion = 13.4.1;
						TestTargetID = 8038ADE928C7A9D90091C34F;
					};
				};
			};
			buildConfigurationList = 8038ADE528C7A9D90091C34F /* Build configuration list for PBXProject "PracticeSwift" */;
			compatibilityVersion = "Xcode 13.0";
			developmentRegion = en;
			hasScannedForEncodings = 0;
			knownRegions = (
				en,
				Base,
			);
			mainGroup = 8038ADE128C7A9D90091C34F;
			productRefGroup = 8038ADEB28C7A9D90091C34F /* Products */;
			projectDirPath = "";
			projectRoot = "";
			targets = (
				8038ADE928C7A9D90091C34F /* PracticeSwift */,
				8038ADF928C7A9DA0091C34F /* PracticeSwiftTests */,
				8038AE0328C7A9DA0091C34F /* PracticeSwiftUITests */,
			);
		};
/* End PBXProject section */

/* Begin PBXResourcesBuildPhase section */
		8038ADE828C7A9D90091C34F /* Resources */ = {
			isa = PBXResourcesBuildPhase;
			buildActionMask = 2147483647;
			files = (
				8038ADF528C7A9DA0091C34F /* Preview Assets.xcassets in Resources */,
				8038ADF228C7A9DA0091C34F /* Assets.xcassets in Resources */,
			);
			runOnlyForDeploymentPostprocessing = 0;
		};
		8038ADF828C7A9DA0091C34F /* Resources */ = {
			isa = PBXResourcesBuildPhase;
			buildActionMask = 2147483647;
			files = (
			);
			runOnlyForDeploymentPostprocessing = 0;
		};
		8038AE0228C7A9DA0091C34F /* Resources */ = {
			isa = PBXResourcesBuildPhase;
			buildActionMask = 2147483647;
			files = (
			);
			runOnlyForDeploymentPostprocessing = 0;
		};
/* End PBXResourcesBuildPhase section */

/* Begin PBXSourcesBuildPhase section */
		8038ADE628C7A9D90091C34F /* Sources */ = {
			isa = PBXSourcesBuildPhase;
			buildActionMask = 2147483647;
			files = (
				8038ADF028C7A9D90091C34F /* ContentView.swift in Sources */,
				8038ADEE28C7A9D90091C34F /* PracticeSwiftApp.swift in Sources */,
				80BACFDF28C916360037C1C5 /* main.swift in Sources */,
			);
			runOnlyForDeploymentPostprocessing = 0;
		};
		8038ADF628C7A9DA0091C34F /* Sources */ = {
			isa = PBXSourcesBuildPhase;
			buildActionMask = 2147483647;
			files = (
				8038ADFF28C7A9DA0091C34F /* PracticeSwiftTests.swift in Sources */,
			);
			runOnlyForDeploymentPostprocessing = 0;
		};
		8038AE0028C7A9DA0091C34F /* Sources */ = {
			isa = PBXSourcesBuildPhase;
			buildActionMask = 2147483647;
			files = (
				8038AE0928C7A9DA0091C34F /* PracticeSwiftUITests.swift in Sources */,
				8038AE0B28C7A9DA0091C34F /* PracticeSwiftUITestsLaunchTests.swift in Sources */,
			);
			runOnlyForDeploymentPostprocessing = 0;
		};
/* End PBXSourcesBuildPhase section */

/* Begin PBXTargetDependency section */
		8038ADFC28C7A9DA0091C34F /* PBXTargetDependency */ = {
			isa = PBXTargetDependency;
			target = 8038ADE928C7A9D90091C34F /* PracticeSwift */;
			targetProxy = 8038ADFB28C7A9DA0091C34F /* PBXContainerItemProxy */;
		};
		8038AE0628C7A9DA0091C34F /* PBXTargetDependency */ = {
			isa = PBXTargetDependency;
			target = 8038ADE928C7A9D90091C34F /* PracticeSwift */;
			targetProxy = 8038AE0528C7A9DA0091C34F /* PBXContainerItemProxy */;
		};
/* End PBXTargetDependency section */

/* Begin XCBuildConfiguration section */
		8038AE0C28C7A9DA0091C34F /* Debug */ = {
			isa = XCBuildConfiguration;
			buildSettings = {
				ALWAYS_SEARCH_USER_PATHS = NO;
				CLANG_ANALYZER_NONNULL = YES;
				CLANG_ANALYZER_NUMBER_OBJECT_CONVERSION = YES_AGGRESSIVE;
				CLANG_CXX_LANGUAGE_STANDARD = "gnu++17";
				CLANG_ENABLE_MODULES = YES;
				CLANG_ENABLE_OBJC_ARC = YES;
				CLANG_ENABLE_OBJC_WEAK = YES;
				CLANG_WARN_BLOCK_CAPTURE_AUTORELEASING = YES;
				CLANG_WARN_BOOL_CONVERSION = YES;
				CLANG_WARN_COMMA = YES;
				CLANG_WARN_CONSTANT_CONVERSION = YES;
				CLANG_WARN_DEPRECATED_OBJC_IMPLEMENTATIONS = YES;
				CLANG_WARN_DIRECT_OBJC_ISA_USAGE = YES_ERROR;
				CLANG_WARN_DOCUMENTATION_COMMENTS = YES;
				CLANG_WARN_EMPTY_BODY = YES;
				CLANG_WARN_ENUM_CONVERSION = YES;
				CLANG_WARN_INFINITE_RECURSION = YES;
				CLANG_WARN_INT_CONVERSION = YES;
				CLANG_WARN_NON_LITERAL_NULL_CONVERSION = YES;
				CLANG_WARN_OBJC_IMPLICIT_RETAIN_SELF = YES;
				CLANG_WARN_OBJC_LITERAL_CONVERSION = YES;
				CLANG_WARN_OBJC_ROOT_CLASS = YES_ERROR;
				CLANG_WARN_QUOTED_INCLUDE_IN_FRAMEWORK_HEADER = YES;
				CLANG_WARN_RANGE_LOOP_ANALYSIS = YES;
				CLANG_WARN_STRICT_PROTOTYPES = YES;
				CLANG_WARN_SUSPICIOUS_MOVE = YES;
				CLANG_WARN_UNGUARDED_AVAILABILITY = YES_AGGRESSIVE;
				CLANG_WARN_UNREACHABLE_CODE = YES;
				CLANG_WARN__DUPLICATE_METHOD_MATCH = YES;
				COPY_PHASE_STRIP = NO;
				DEBUG_INFORMATION_FORMAT = dwarf;
				ENABLE_STRICT_OBJC_MSGSEND = YES;
				ENABLE_TESTABILITY = YES;
				GCC_C_LANGUAGE_STANDARD = gnu11;
				GCC_DYNAMIC_NO_PIC = NO;
				GCC_NO_COMMON_BLOCKS = YES;
				GCC_OPTIMIZATION_LEVEL = 0;
				GCC_PREPROCESSOR_DEFINITIONS = (
					"DEBUG=1",
					"$(inherited)",
				);
				GCC_WARN_64_TO_32_BIT_CONVERSION = YES;
				GCC_WARN_ABOUT_RETURN_TYPE = YES_ERROR;
				GCC_WARN_UNDECLARED_SELECTOR = YES;
				GCC_WARN_UNINITIALIZED_AUTOS = YES_AGGRESSIVE;
				GCC_WARN_UNUSED_FUNCTION = YES;
				GCC_WARN_UNUSED_VARIABLE = YES;
				IPHONEOS_DEPLOYMENT_TARGET = 15.5;
				MTL_ENABLE_DEBUG_INFO = INCLUDE_SOURCE;
				MTL_FAST_MATH = YES;
				ONLY_ACTIVE_ARCH = YES;
				SDKROOT = iphoneos;
				SWIFT_ACTIVE_COMPILATION_CONDITIONS = DEBUG;
				SWIFT_OPTIMIZATION_LEVEL = "-Onone";
			};
			name = Debug;
		};
		8038AE0D28C7A9DA0091C34F /* Release */ = {
			isa = XCBuildConfiguration;
			buildSettings = {
				ALWAYS_SEARCH_USER_PATHS = NO;
				CLANG_ANALYZER_NONNULL = YES;
				CLANG_ANALYZER_NUMBER_OBJECT_CONVERSION = YES_AGGRESSIVE;
				CLANG_CXX_LANGUAGE_STANDARD = "gnu++17";
				CLANG_ENABLE_MODULES = YES;
				CLANG_ENABLE_OBJC_ARC = YES;
				CLANG_ENABLE_OBJC_WEAK = YES;
				CLANG_WARN_BLOCK_CAPTURE_AUTORELEASING = YES;
				CLANG_WARN_BOOL_CONVERSION = YES;
				CLANG_WARN_COMMA = YES;
				CLANG_WARN_CONSTANT_CONVERSION = YES;
				CLANG_WARN_DEPRECATED_OBJC_IMPLEMENTATIONS = YES;
				CLANG_WARN_DIRECT_OBJC_ISA_USAGE = YES_ERROR;
				CLANG_WARN_DOCUMENTATION_COMMENTS = YES;
				CLANG_WARN_EMPTY_BODY = YES;
				CLANG_WARN_ENUM_CONVERSION = YES;
				CLANG_WARN_INFINITE_RECURSION = YES;
				CLANG_WARN_INT_CONVERSION = YES;
				CLANG_WARN_NON_LITERAL_NULL_CONVERSION = YES;
				CLANG_WARN_OBJC_IMPLICIT_RETAIN_SELF = YES;
				CLANG_WARN_OBJC_LITERAL_CONVERSION = YES;
				CLANG_WARN_OBJC_ROOT_CLASS = YES_ERROR;
				CLANG_WARN_QUOTED_INCLUDE_IN_FRAMEWORK_HEADER = YES;
				CLANG_WARN_RANGE_LOOP_ANALYSIS = YES;
				CLANG_WARN_STRICT_PROTOTYPES = YES;
				CLANG_WARN_SUSPICIOUS_MOVE = YES;
				CLANG_WARN_UNGUARDED_AVAILABILITY = YES_AGGRESSIVE;
				CLANG_WARN_UNREACHABLE_CODE = YES;
				CLANG_WARN__DUPLICATE_METHOD_MATCH = YES;
				COPY_PHASE_STRIP = NO;
				DEBUG_INFORMATION_FORMAT = "dwarf-with-dsym";
				ENABLE_NS_ASSERTIONS = NO;
				ENABLE_STRICT_OBJC_MSGSEND = YES;
				GCC_C_LANGUAGE_STANDARD = gnu11;
				GCC_NO_COMMON_BLOCKS = YES;
				GCC_WARN_64_TO_32_BIT_CONVERSION = YES;
				GCC_WARN_ABOUT_RETURN_TYPE = YES_ERROR;
				GCC_WARN_UNDECLARED_SELECTOR = YES;
				GCC_WARN_UNINITIALIZED_AUTOS = YES_AGGRESSIVE;
				GCC_WARN_UNUSED_FUNCTION = YES;
				GCC_WARN_UNUSED_VARIABLE = YES;
				IPHONEOS_DEPLOYMENT_TARGET = 15.5;
				MTL_ENABLE_DEBUG_INFO = NO;
				MTL_FAST_MATH = YES;
				SDKROOT = iphoneos;
				SWIFT_COMPILATION_MODE = wholemodule;
				SWIFT_OPTIMIZATION_LEVEL = "-O";
				VALIDATE_PRODUCT = YES;
			};
			name = Release;
		};
		8038AE0F28C7A9DA0091C34F /* Debug */ = {
			isa = XCBuildConfiguration;
			buildSettings = {
				ASSETCATALOG_COMPILER_APPICON_NAME = AppIcon;
				ASSETCATALOG_COMPILER_GLOBAL_ACCENT_COLOR_NAME = AccentColor;
				CODE_SIGN_STYLE = Automatic;
				CURRENT_PROJECT_VERSION = 1;
				DEVELOPMENT_ASSET_PATHS = "\"PracticeSwift/Preview Content\"";
				DEVELOPMENT_TEAM = WR42674TP5;
				ENABLE_PREVIEWS = YES;
				GENERATE_INFOPLIST_FILE = YES;
				INFOPLIST_KEY_UIApplicationSceneManifest_Generation = YES;
				INFOPLIST_KEY_UIApplicationSupportsIndirectInputEvents = YES;
				INFOPLIST_KEY_UILaunchScreen_Generation = YES;
				INFOPLIST_KEY_UISupportedInterfaceOrientations_iPad = "UIInterfaceOrientationPortrait UIInterfaceOrientationPortraitUpsideDown UIInterfaceOrientationLandscapeLeft UIInterfaceOrientationLandscapeRight";
				INFOPLIST_KEY_UISupportedInterfaceOrientations_iPhone = "UIInterfaceOrientationPortrait UIInterfaceOrientationLandscapeLeft UIInterfaceOrientationLandscapeRight";
				LD_RUNPATH_SEARCH_PATHS = (
					"$(inherited)",
					"@executable_path/Frameworks",
				);
				MARKETING_VERSION = 1.0;
				PRODUCT_BUNDLE_IDENTIFIER = Study.PracticeSwift;
				PRODUCT_NAME = "$(TARGET_NAME)";
				SWIFT_EMIT_LOC_STRINGS = YES;
				SWIFT_VERSION = 5.0;
				TARGETED_DEVICE_FAMILY = "1,2";
			};
			name = Debug;
		};
		8038AE1028C7A9DA0091C34F /* Release */ = {
			isa = XCBuildConfiguration;
			buildSettings = {
				ASSETCATALOG_COMPILER_APPICON_NAME = AppIcon;
				ASSETCATALOG_COMPILER_GLOBAL_ACCENT_COLOR_NAME = AccentColor;
				CODE_SIGN_STYLE = Automatic;
				CURRENT_PROJECT_VERSION = 1;
				DEVELOPMENT_ASSET_PATHS = "\"PracticeSwift/Preview Content\"";
				DEVELOPMENT_TEAM = WR42674TP5;
				ENABLE_PREVIEWS = YES;
				GENERATE_INFOPLIST_FILE = YES;
				INFOPLIST_KEY_UIApplicationSceneManifest_Generation = YES;
				INFOPLIST_KEY_UIApplicationSupportsIndirectInputEvents = YES;
				INFOPLIST_KEY_UILaunchScreen_Generation = YES;
				INFOPLIST_KEY_UISupportedInterfaceOrientations_iPad = "UIInterfaceOrientationPortrait UIInterfaceOrientationPortraitUpsideDown UIInterfaceOrientationLandscapeLeft UIInterfaceOrientationLandscapeRight";
				INFOPLIST_KEY_UISupportedInterfaceOrientations_iPhone = "UIInterfaceOrientationPortrait UIInterfaceOrientationLandscapeLeft UIInterfaceOrientationLandscapeRight";
				LD_RUNPATH_SEARCH_PATHS = (
					"$(inherited)",
					"@executable_path/Frameworks",
				);
				MARKETING_VERSION = 1.0;
				PRODUCT_BUNDLE_IDENTIFIER = Study.PracticeSwift;
				PRODUCT_NAME = "$(TARGET_NAME)";
				SWIFT_EMIT_LOC_STRINGS = YES;
				SWIFT_VERSION = 5.0;
				TARGETED_DEVICE_FAMILY = "1,2";
			};
			name = Release;
		};
		8038AE1228C7A9DA0091C34F /* Debug */ = {
			isa = XCBuildConfiguration;
			buildSettings = {
				ALWAYS_EMBED_SWIFT_STANDARD_LIBRARIES = YES;
				BUNDLE_LOADER = "$(TEST_HOST)";
				CODE_SIGN_STYLE = Automatic;
				CURRENT_PROJECT_VERSION = 1;
				DEVELOPMENT_TEAM = WR42674TP5;
				GENERATE_INFOPLIST_FILE = YES;
				IPHONEOS_DEPLOYMENT_TARGET = 15.5;
				MARKETING_VERSION = 1.0;
				PRODUCT_BUNDLE_IDENTIFIER = Study.PracticeSwiftTests;
				PRODUCT_NAME = "$(TARGET_NAME)";
				SWIFT_EMIT_LOC_STRINGS = NO;
				SWIFT_VERSION = 5.0;
				TARGETED_DEVICE_FAMILY = "1,2";
				TEST_HOST = "$(BUILT_PRODUCTS_DIR)/PracticeSwift.app/PracticeSwift";
			};
			name = Debug;
		};
		8038AE1328C7A9DA0091C34F /* Release */ = {
			isa = XCBuildConfiguration;
			buildSettings = {
				ALWAYS_EMBED_SWIFT_STANDARD_LIBRARIES = YES;
				BUNDLE_LOADER = "$(TEST_HOST)";
				CODE_SIGN_STYLE = Automatic;
				CURRENT_PROJECT_VERSION = 1;
				DEVELOPMENT_TEAM = WR42674TP5;
				GENERATE_INFOPLIST_FILE = YES;
				IPHONEOS_DEPLOYMENT_TARGET = 15.5;
				MARKETING_VERSION = 1.0;
				PRODUCT_BUNDLE_IDENTIFIER = Study.PracticeSwiftTests;
				PRODUCT_NAME = "$(TARGET_NAME)";
				SWIFT_EMIT_LOC_STRINGS = NO;
				SWIFT_VERSION = 5.0;
				TARGETED_DEVICE_FAMILY = "1,2";
				TEST_HOST = "$(BUILT_PRODUCTS_DIR)/PracticeSwift.app/PracticeSwift";
			};
			name = Release;
		};
		8038AE1528C7A9DA0091C34F /* Debug */ = {
			isa = XCBuildConfiguration;
			buildSettings = {
				ALWAYS_EMBED_SWIFT_STANDARD_LIBRARIES = YES;
				CODE_SIGN_STYLE = Automatic;
				CURRENT_PROJECT_VERSION = 1;
				DEVELOPMENT_TEAM = WR42674TP5;
				GENERATE_INFOPLIST_FILE = YES;
				MARKETING_VERSION = 1.0;
				PRODUCT_BUNDLE_IDENTIFIER = Study.PracticeSwiftUITests;
				PRODUCT_NAME = "$(TARGET_NAME)";
				SWIFT_EMIT_LOC_STRINGS = NO;
				SWIFT_VERSION = 5.0;
				TARGETED_DEVICE_FAMILY = "1,2";
				TEST_TARGET_NAME = PracticeSwift;
			};
			name = Debug;
		};
		8038AE1628C7A9DA0091C34F /* Release */ = {
			isa = XCBuildConfiguration;
			buildSettings = {
				ALWAYS_EMBED_SWIFT_STANDARD_LIBRARIES = YES;
				CODE_SIGN_STYLE = Automatic;
				CURRENT_PROJECT_VERSION = 1;
				DEVELOPMENT_TEAM = WR42674TP5;
				GENERATE_INFOPLIST_FILE = YES;
				MARKETING_VERSION = 1.0;
				PRODUCT_BUNDLE_IDENTIFIER = Study.PracticeSwiftUITests;
				PRODUCT_NAME = "$(TARGET_NAME)";
				SWIFT_EMIT_LOC_STRINGS = NO;
				SWIFT_VERSION = 5.0;
				TARGETED_DEVICE_FAMILY = "1,2";
				TEST_TARGET_NAME = PracticeSwift;
			};
			name = Release;
		};
/* End XCBuildConfiguration section */

/* Begin XCConfigurationList section */
		8038ADE528C7A9D90091C34F /* Build configuration list for PBXProject "PracticeSwift" */ = {
			isa = XCConfigurationList;
			buildConfigurations = (
				8038AE0C28C7A9DA0091C34F /* Debug */,
				8038AE0D28C7A9DA0091C34F /* Release */,
			);
			defaultConfigurationIsVisible = 0;
			defaultConfigurationName = Release;
		};
		8038AE0E28C7A9DA0091C34F /* Build configuration list for PBXNativeTarget "PracticeSwift" */ = {
			isa = XCConfigurationList;
			buildConfigurations = (
				8038AE0F28C7A9DA0091C34F /* Debug */,
				8038AE1028C7A9DA0091C34F /* Release */,
			);
			defaultConfigurationIsVisible = 0;
			defaultConfigurationName = Release;
		};
		8038AE1128C7A9DA0091C34F /* Build configuration list for PBXNativeTarget "PracticeSwiftTests" */ = {
			isa = XCConfigurationList;
			buildConfigurations = (
				8038AE1228C7A9DA0091C34F /* Debug */,
				8038AE1328C7A9DA0091C34F /* Release */,
			);
			defaultConfigurationIsVisible = 0;
			defaultConfigurationName = Release;
		};
		8038AE1428C7A9DA0091C34F /* Build configuration list for PBXNativeTarget "PracticeSwiftUITests" */ = {
			isa = XCConfigurationList;
			buildConfigurations = (
				8038AE1528C7A9DA0091C34F /* Debug */,
				8038AE1628C7A9DA0091C34F /* Release */,
			);
			defaultConfigurationIsVisible = 0;
			defaultConfigurationName = Release;
		};
/* End XCConfigurationList section */
	};
	rootObject = 8038ADE228C7A9D90091C34F /* Project object */;
}
